# This file is autogenerated, do not edit; changes may be undone by the next 'dep ensure'.


[[projects]]
  name = "github.com/cyverse-de/configurate"
  packages = ["."]
  revision = "4b85e07b4aea9377eebe7ce7ee9efff574751ab4"

[[projects]]
  name = "github.com/cyverse-de/go-events"
  packages = ["ping"]
  revision = "85bdb8d67e312eb3a7a8d0bf1749509d0fd062ea"

[[projects]]
  name = "github.com/cyverse-de/logcabin"
  packages = ["."]
  revision = "7a3aa512933277796b9f0fd55cdd0b67d05bfc3c"

[[projects]]
  name = "github.com/cyverse-de/model"
  packages = ["submitfile"]
  revision = "bf8453314372d00979c0cdf7da069515acdbb6be"
  version = "v1"

[[projects]]
  name = "github.com/fsnotify/fsnotify"
  packages = ["."]
  revision = "f12c6236fe7b5cf6bcf30e5935d08cb079d78334"

[[projects]]
  name = "github.com/golang/protobuf"
  packages = ["proto"]
  revision = "df1d3ca07d2d07bba352d5b73c4313b4e2a6203e"

[[projects]]
  name = "github.com/hashicorp/hcl"
  packages = [
    ".",
    "hcl/ast",
    "hcl/parser",
    "hcl/scanner",
    "hcl/strconv",
    "hcl/token",
    "json/parser",
    "json/scanner",
    "json/token"
  ]
  revision = "baeb59c710717b06aac1dbe2270e8192ec593244"

[[projects]]
  branch = "master"
  name = "github.com/kr/fs"
  packages = ["."]
  revision = "2788f0dbd16903de03cb8186e5c7d97b69ad387b"

[[projects]]
  name = "github.com/lib/pq"
  packages = [
    ".",
    "oid"
  ]
  revision = "80f8150043c80fb52dee6bc863a709cdac7ec8f8"

[[projects]]
  name = "github.com/magiconair/properties"
  packages = ["."]
  revision = "61b492c03cf472e0c6419be5899b8e0dc28b1b88"

[[projects]]
  name = "github.com/mitchellh/mapstructure"
  packages = ["."]
  revision = "ca63d7c062ee3c9f34db231e352b60012b4fd0c1"

[[projects]]
  name = "github.com/pelletier/go-buffruneio"
  packages = ["."]
  revision = "df1e16fde7fc330a0ca68167c23bf7ed6ac31d6d"
  version = "v0.1.0"

[[projects]]
  name = "github.com/pelletier/go-toml"
  packages = ["."]
  revision = "5a62685873ef617233ab5f1b825a6e4a758e16cf"

[[projects]]
  name = "github.com/pkg/errors"
  packages = ["."]
  revision = "17b591df37844cde689f4d5813e5cea0927d8dd2"
  version = "v0.7.1"

[[projects]]
  name = "github.com/pkg/sftp"
  packages = ["."]
  revision = "a71e8f580e3b622ebff585309160b1cc549ef4d2"

[[projects]]
  name = "github.com/spf13/afero"
  packages = [
    ".",
    "mem",
    "sftp"
  ]
  revision = "20500e2abd0d1f4564a499e83d11d6c73cd58c27"

[[projects]]
  name = "github.com/spf13/cast"
  packages = ["."]
  revision = "e31f36ffc91a2ba9ddb72a4b6a607ff9b3d3cb63"

[[projects]]
  name = "github.com/spf13/jwalterweatherman"
  packages = ["."]
  revision = "33c24e77fb80341fe7130ee7c594256ff08ccc46"

[[projects]]
  name = "github.com/spf13/pflag"
  packages = ["."]
  revision = "103ce5cd2042f2fe629c1957abb64ab3e7f50235"

[[projects]]
  name = "github.com/spf13/viper"
  packages = ["."]
  revision = "16990631d4aa7e38f73dbbbf37fa13e67c648531"

[[projects]]
  name = "github.com/streadway/amqp"
  packages = ["."]
  revision = "2e25825abdbd7752ff08b270d313b93519a0a232"

[[projects]]
  name = "golang.org/x/crypto"
  packages = [
    "curve25519",
    "ed25519",
    "ed25519/internal/edwards25519",
    "ssh"
  ]
  revision = "b13fc1fd382d01861b16b2e6474487d3d4d27f20"

[[projects]]
  name = "golang.org/x/net"
  packages = [
    "context",
    "context/ctxhttp"
  ]
  revision = "cbed01e851ceabac8eab72f5e0f1086ecbc60338"

[[projects]]
  name = "golang.org/x/sys"
  packages = ["unix"]
  revision = "a646d33e2ee3172a661fc09bca23bb4889a41bc8"

[[projects]]
  name = "golang.org/x/text"
  packages = [
    "internal/gen",
    "internal/triegen",
    "internal/ucd",
    "transform",
    "unicode/cldr",
    "unicode/norm"
  ]
  revision = "d69c40b4be55797923cec7457fac7a244d91a9b6"

[[projects]]
  name = "gopkg.in/cyverse-de/messaging.v2"
  packages = ["."]
  revision = "79fe2cf2fd16a8eb61e785e22fb4a8301bce5068"
  version = "v2"

[[projects]]
  name = "gopkg.in/cyverse-de/model.v1"
  packages = ["."]
  revision = "bf8453314372d00979c0cdf7da069515acdbb6be"
  version = "v1"

[[projects]]
  name = "gopkg.in/olivere/elastic.v5"
  packages = [
    ".",
    "backoff",
    "uritemplates"
  ]
  revision = "b272fab42387a42585235d56f8c6b53b13ddfb7d"
  version = "v5.0.13"

[[projects]]
  branch = "v2"
  name = "gopkg.in/yaml.v2"
  packages = ["."]
  revision = "e4d366fc3c7938e2958e662b4258c7a89e1f0e3e"

[solve-meta]
  analyzer-name = "dep"
  analyzer-version = 1
  inputs-digest = "d2ef43f11c2bfe976cb8ab30f0e32ee63d37b1f5b8ce04e4a11b8f9cdc8a45b7"
  solver-name = "gps-cdcl"
  solver-version = 1
